
Microsoft Visual Studio Solution File, Format Version 12.00
# Visual Studio 14
VisualStudioVersion = 14.0.22823.1
MinimumVisualStudioVersion = 10.0.40219.1
Project("{FAE04EC0-301F-11D3-BF4B-00C04F79EFBC}") = "FluentBuilder", "FluentBuilder\FluentBuilder.csproj", "{133DA826-B88D-4833-8B0A-B2B947939A8F}"
EndProject
Project("{FAE04EC0-301F-11D3-BF4B-00C04F79EFBC}") = "FluentBuilder.Tests", "FluentBuilder.Tests\FluentBuilder.Tests.csproj", "{476CEDC4-80AF-4178-92AB-0FF14835EDC2}"
EndProject
Global
	GlobalSection(SolutionConfigurationPlatforms) = preSolution
		Debug|Any CPU = Debug|Any CPU
		Release|Any CPU = Release|Any CPU
	EndGlobalSection
	GlobalSection(ProjectConfigurationPlatforms) = postSolution
		{133DA826-B88D-4833-8B0A-B2B947939A8F}.Debug|Any CPU.ActiveCfg = Debug|Any CPU
		{133DA826-B88D-4833-8B0A-B2B947939A8F}.Debug|Any CPU.Build.0 = Debug|Any CPU
		{133DA826-B88D-4833-8B0A-B2B947939A8F}.Release|Any CPU.ActiveCfg = Release|Any CPU
		{133DA826-B88D-4833-8B0A-B2B947939A8F}.Release|Any CPU.Build.0 = Release|Any CPU
		{476CEDC4-80AF-4178-92AB-0FF14835EDC2}.Debug|Any CPU.ActiveCfg = Debug|Any CPU
		{476CEDC4-80AF-4178-92AB-0FF14835EDC2}.Debug|Any CPU.Build.0 = Debug|Any CPU
		{476CEDC4-80AF-4178-92AB-0FF14835EDC2}.Release|Any CPU.ActiveCfg = Release|Any CPU
		{476CEDC4-80AF-4178-92AB-0FF14835EDC2}.Release|Any CPU.Build.0 = Release|Any CPU
	EndGlobalSection
	GlobalSection(SolutionProperties) = preSolution
		HideSolutionNode = FALSE
	EndGlobalSection
EndGlobal
